
Microsoft Visual Studio Solution File, Format Version 12.00
# Visual Studio Version 17
VisualStudioVersion = 17.5.33627.172
MinimumVisualStudioVersion = 10.0.40219.1
Project("{8BC9CEB8-8B4A-11D0-8D11-00A0C91BC942}") = "лаб оаип 3", "лаб оаип 3\лаб оаип 3.vcxproj", "{5CF45B81-92D7-4EDE-9EDB-E0C36D6BC861}"
EndProject
Global
	GlobalSection(SolutionConfigurationPlatforms) = preSolution
		Debug|x64 = Debug|x64
		Debug|x86 = Debug|x86
		Release|x64 = Release|x64
		Release|x86 = Release|x86
	EndGlobalSection
	GlobalSection(ProjectConfigurationPlatforms) = postSolution
		{5CF45B81-92D7-4EDE-9EDB-E0C36D6BC861}.Debug|x64.ActiveCfg = Debug|x64
		{5CF45B81-92D7-4EDE-9EDB-E0C36D6BC861}.Debug|x64.Build.0 = Debug|x64
		{5CF45B81-92D7-4EDE-9EDB-E0C36D6BC861}.Debug|x86.ActiveCfg = Debug|Win32
		{5CF45B81-92D7-4EDE-9EDB-E0C36D6BC861}.Debug|x86.Build.0 = Debug|Win32
		{5CF45B81-92D7-4EDE-9EDB-E0C36D6BC861}.Release|x64.ActiveCfg = Release|x64
		{5CF45B81-92D7-4EDE-9EDB-E0C36D6BC861}.Release|x64.Build.0 = Release|x64
		{5CF45B81-92D7-4EDE-9EDB-E0C36D6BC861}.Release|x86.ActiveCfg = Release|Win32
		{5CF45B81-92D7-4EDE-9EDB-E0C36D6BC861}.Release|x86.Build.0 = Release|Win32
	EndGlobalSection
	GlobalSection(SolutionProperties) = preSolution
		HideSolutionNode = FALSE
	EndGlobalSection
	GlobalSection(ExtensibilityGlobals) = postSolution
		SolutionGuid = {3DDDBDD3-5706-4E66-BD43-F9ABB1720558}
	EndGlobalSection
EndGlobal
